
Microsoft Visual Studio Solution File, Format Version 12.00
# Visual Studio 2015
Project("{FAE04EC0-301F-11D3-BF4B-00C04F79EFBC}") = "UTR-VRMultiplayer", "UTR-VRMultiplayer.csproj", "{6969BD21-A1CB-BAFE-6AEB-675DC06A80CE}"
EndProject
Project("{FAE04EC0-301F-11D3-BF4B-00C04F79EFBC}") = "UTR-VRMultiplayer.Editor", "UTR-VRMultiplayer.Editor.csproj", "{60235AAE-AC1E-884B-1BBC-E700994A4DC7}"
EndProject
Global
	GlobalSection(SolutionConfigurationPlatforms) = preSolution
		Debug|Any CPU = Debug|Any CPU
		Release|Any CPU = Release|Any CPU
	EndGlobalSection
	GlobalSection(ProjectConfigurationPlatforms) = postSolution
		{6969BD21-A1CB-BAFE-6AEB-675DC06A80CE}.Debug|Any CPU.ActiveCfg = Debug|Any CPU
		{6969BD21-A1CB-BAFE-6AEB-675DC06A80CE}.Debug|Any CPU.Build.0 = Debug|Any CPU
		{6969BD21-A1CB-BAFE-6AEB-675DC06A80CE}.Release|Any CPU.ActiveCfg = Release|Any CPU
		{6969BD21-A1CB-BAFE-6AEB-675DC06A80CE}.Release|Any CPU.Build.0 = Release|Any CPU
		{60235AAE-AC1E-884B-1BBC-E700994A4DC7}.Debug|Any CPU.ActiveCfg = Debug|Any CPU
		{60235AAE-AC1E-884B-1BBC-E700994A4DC7}.Debug|Any CPU.Build.0 = Debug|Any CPU
		{60235AAE-AC1E-884B-1BBC-E700994A4DC7}.Release|Any CPU.ActiveCfg = Release|Any CPU
		{60235AAE-AC1E-884B-1BBC-E700994A4DC7}.Release|Any CPU.Build.0 = Release|Any CPU
	EndGlobalSection
	GlobalSection(SolutionProperties) = preSolution
		HideSolutionNode = FALSE
	EndGlobalSection
EndGlobal
